
Microsoft Visual Studio Solution File, Format Version 12.00
# Visual Studio Version 16
VisualStudioVersion = 16.0.30516.212
MinimumVisualStudioVersion = 10.0.40219.1
Project("{FAE04EC0-301F-11D3-BF4B-00C04F79EFBC}") = "chromely-test", "chromely-test\chromely-test.csproj", "{053E9EDD-C115-4016-9824-D1A9957532DF}"
EndProject
Global
	GlobalSection(SolutionConfigurationPlatforms) = preSolution
		Debug|Any CPU = Debug|Any CPU
		Release|Any CPU = Release|Any CPU
	EndGlobalSection
	GlobalSection(ProjectConfigurationPlatforms) = postSolution
		{053E9EDD-C115-4016-9824-D1A9957532DF}.Debug|Any CPU.ActiveCfg = Debug|Any CPU
		{053E9EDD-C115-4016-9824-D1A9957532DF}.Debug|Any CPU.Build.0 = Debug|Any CPU
		{053E9EDD-C115-4016-9824-D1A9957532DF}.Release|Any CPU.ActiveCfg = Release|Any CPU
		{053E9EDD-C115-4016-9824-D1A9957532DF}.Release|Any CPU.Build.0 = Release|Any CPU
	EndGlobalSection
	GlobalSection(SolutionProperties) = preSolution
		HideSolutionNode = FALSE
	EndGlobalSection
	GlobalSection(ExtensibilityGlobals) = postSolution
		SolutionGuid = {BB996512-B0C7-45BD-8E8C-DD3EE722460C}
	EndGlobalSection
EndGlobal
